
Microsoft Visual Studio Solution File, Format Version 12.00
# Visual Studio Version 17
VisualStudioVersion = 17.1.32210.238
MinimumVisualStudioVersion = 10.0.40219.1
Project("{FAE04EC0-301F-11D3-BF4B-00C04F79EFBC}") = "WebPageAnalysis", "WebPageAnalysis\WebPageAnalysis.csproj", "{BD376DD8-82B3-4B93-A751-73F8529CBA6D}"
EndProject
Global
	GlobalSection(SolutionConfigurationPlatforms) = preSolution
		Debug|Any CPU = Debug|Any CPU
		Release|Any CPU = Release|Any CPU
	EndGlobalSection
	GlobalSection(ProjectConfigurationPlatforms) = postSolution
		{BD376DD8-82B3-4B93-A751-73F8529CBA6D}.Debug|Any CPU.ActiveCfg = Debug|Any CPU
		{BD376DD8-82B3-4B93-A751-73F8529CBA6D}.Debug|Any CPU.Build.0 = Debug|Any CPU
		{BD376DD8-82B3-4B93-A751-73F8529CBA6D}.Release|Any CPU.ActiveCfg = Release|Any CPU
		{BD376DD8-82B3-4B93-A751-73F8529CBA6D}.Release|Any CPU.Build.0 = Release|Any CPU
	EndGlobalSection
	GlobalSection(SolutionProperties) = preSolution
		HideSolutionNode = FALSE
	EndGlobalSection
	GlobalSection(ExtensibilityGlobals) = postSolution
		SolutionGuid = {416D51C6-978E-407E-9596-D0E4551AE033}
	EndGlobalSection
EndGlobal
